# This file is automatically @generated by Cargo.
# It is not intended for manual editing.
version = 4

[[package]]
name = "afterglow-builder"
version = "0.1.0"

[[package]]
name = "afterglow-viewer"
version = "0.1.0"

[[package]]
name = "ag-capsule"
version = "0.1.0"

[[package]]
name = "ag-crypto"
version = "0.1.0"

[[package]]
name = "ag-motion"
version = "0.1.0"

[[package]]
name = "ag-object-store"
version = "0.1.0"

[[package]]
name = "ag-pe-packager"
version = "0.1.0"

[[package]]
name = "ag-project"
version = "0.1.0"

[[package]]
name = "ag-render"
version = "0.1.0"

[[package]]
name = "ag-schema"
version = "0.1.0"

[[package]]
name = "ag-theme"
version = "0.1.0"

[[package]]
name = "ag-time"
version = "0.1.0"

[[package]]
name = "ag-timelock"
version = "0.1.0"

[[package]]
name = "ag-validation"
version = "0.1.0"

[[package]]
name = "ag-windows"
version = "0.1.0"
